{
  "object": {
    "pins": [
      {
        "package": "LifeHash",
        "repositoryURL": "https://github.com/BlockchainCommons/LifeHash.git",
        "state": {
          "branch": null,
          "revision": "67e3ec2d2d273005ba62a17b344453199e6b3afe",
          "version": "6.0.3"
        }
      }
    ]
  },
  "version": 1
}
