{
  "object": {
    "pins": [
      {
        "package": "LifeHash",
        "repositoryURL": "https://github.com/BlockchainCommons/LifeHash.git",
        "state": {
          "branch": null,
          "revision": "e052315f41e8efda4c29414beda25730ad214a7f",
          "version": "6.0.0"
        }
      }
    ]
  },
  "version": 1
}
